
Microsoft Visual Studio Solution File, Format Version 12.00
# Visual Studio Version 16
VisualStudioVersion = 16.0.30204.135
MinimumVisualStudioVersion = 10.0.40219.1
Project("{9A19103F-16F7-4668-BE54-9A1E7A4F7556}") = "eShop.BackendServer", "src\eShop.BackendServer\eShop.BackendServer.csproj", "{C51B0870-47E7-4D67-AFB2-9791F7DAEDFE}"
EndProject
Project("{9A19103F-16F7-4668-BE54-9A1E7A4F7556}") = "eShop.WebPortal", "src\eShop.WebPortal\eShop.WebPortal.csproj", "{9F02422D-170D-4652-BAAC-BCB67118FD8C}"
EndProject
Project("{9A19103F-16F7-4668-BE54-9A1E7A4F7556}") = "eShop.ViewModels", "src\eShop.ViewModels\eShop.ViewModels.csproj", "{2053F8DA-BD35-4FC4-9A35-C29859B9F65F}"
EndProject
Project("{2150E333-8FDC-42A3-9474-1A3956D46DE8}") = "Solution Items", "Solution Items", "{4BF44EE8-8653-4F7A-8CDA-669BCC672B9F}"
	ProjectSection(SolutionItems) = preProject
		.gitignore = .gitignore
		README.md = README.md
	EndProjectSection
EndProject
Project("{2150E333-8FDC-42A3-9474-1A3956D46DE8}") = "Tests", "Tests", "{637B243E-D49D-40D3-8C4F-04F910663521}"
EndProject
Project("{FAE04EC0-301F-11D3-BF4B-00C04F79EFBC}") = "eShop.BackendServer.UnitTest", "test\eShop.BackendServer.UnitTest\eShop.BackendServer.UnitTest.csproj", "{DE137EBE-5AC6-48AB-BAA0-340CD54D716B}"
EndProject
Global
	GlobalSection(SolutionConfigurationPlatforms) = preSolution
		Debug|Any CPU = Debug|Any CPU
		Release|Any CPU = Release|Any CPU
	EndGlobalSection
	GlobalSection(ProjectConfigurationPlatforms) = postSolution
		{C51B0870-47E7-4D67-AFB2-9791F7DAEDFE}.Debug|Any CPU.ActiveCfg = Debug|Any CPU
		{C51B0870-47E7-4D67-AFB2-9791F7DAEDFE}.Debug|Any CPU.Build.0 = Debug|Any CPU
		{C51B0870-47E7-4D67-AFB2-9791F7DAEDFE}.Release|Any CPU.ActiveCfg = Release|Any CPU
		{C51B0870-47E7-4D67-AFB2-9791F7DAEDFE}.Release|Any CPU.Build.0 = Release|Any CPU
		{9F02422D-170D-4652-BAAC-BCB67118FD8C}.Debug|Any CPU.ActiveCfg = Debug|Any CPU
		{9F02422D-170D-4652-BAAC-BCB67118FD8C}.Debug|Any CPU.Build.0 = Debug|Any CPU
		{9F02422D-170D-4652-BAAC-BCB67118FD8C}.Release|Any CPU.ActiveCfg = Release|Any CPU
		{9F02422D-170D-4652-BAAC-BCB67118FD8C}.Release|Any CPU.Build.0 = Release|Any CPU
		{2053F8DA-BD35-4FC4-9A35-C29859B9F65F}.Debug|Any CPU.ActiveCfg = Debug|Any CPU
		{2053F8DA-BD35-4FC4-9A35-C29859B9F65F}.Debug|Any CPU.Build.0 = Debug|Any CPU
		{2053F8DA-BD35-4FC4-9A35-C29859B9F65F}.Release|Any CPU.ActiveCfg = Release|Any CPU
		{2053F8DA-BD35-4FC4-9A35-C29859B9F65F}.Release|Any CPU.Build.0 = Release|Any CPU
		{DE137EBE-5AC6-48AB-BAA0-340CD54D716B}.Debug|Any CPU.ActiveCfg = Debug|Any CPU
		{DE137EBE-5AC6-48AB-BAA0-340CD54D716B}.Debug|Any CPU.Build.0 = Debug|Any CPU
		{DE137EBE-5AC6-48AB-BAA0-340CD54D716B}.Release|Any CPU.ActiveCfg = Release|Any CPU
		{DE137EBE-5AC6-48AB-BAA0-340CD54D716B}.Release|Any CPU.Build.0 = Release|Any CPU
	EndGlobalSection
	GlobalSection(SolutionProperties) = preSolution
		HideSolutionNode = FALSE
	EndGlobalSection
	GlobalSection(NestedProjects) = preSolution
		{DE137EBE-5AC6-48AB-BAA0-340CD54D716B} = {637B243E-D49D-40D3-8C4F-04F910663521}
	EndGlobalSection
	GlobalSection(ExtensibilityGlobals) = postSolution
		SolutionGuid = {0D3A7C5F-A1CF-47E2-A32B-35FBCDAE082F}
	EndGlobalSection
EndGlobal
